
Microsoft Visual Studio Solution File, Format Version 12.00
# Visual Studio Version 17
VisualStudioVersion = 17.7.34024.191
MinimumVisualStudioVersion = 10.0.40219.1
Project("{FAE04EC0-301F-11D3-BF4B-00C04F79EFBC}") = "HRDepartment", "HRDepartment\HRDepartment.csproj", "{24C44007-D130-49F2-A4CC-C613BEC3CA91}"
EndProject
Global
	GlobalSection(SolutionConfigurationPlatforms) = preSolution
		Debug|Any CPU = Debug|Any CPU
		Release|Any CPU = Release|Any CPU
	EndGlobalSection
	GlobalSection(ProjectConfigurationPlatforms) = postSolution
		{24C44007-D130-49F2-A4CC-C613BEC3CA91}.Debug|Any CPU.ActiveCfg = Debug|Any CPU
		{24C44007-D130-49F2-A4CC-C613BEC3CA91}.Debug|Any CPU.Build.0 = Debug|Any CPU
		{24C44007-D130-49F2-A4CC-C613BEC3CA91}.Release|Any CPU.ActiveCfg = Release|Any CPU
		{24C44007-D130-49F2-A4CC-C613BEC3CA91}.Release|Any CPU.Build.0 = Release|Any CPU
	EndGlobalSection
	GlobalSection(SolutionProperties) = preSolution
		HideSolutionNode = FALSE
	EndGlobalSection
	GlobalSection(ExtensibilityGlobals) = postSolution
		SolutionGuid = {0F5F86B3-4D7E-45C9-93C5-F56441AD5AB0}
	EndGlobalSection
EndGlobal
